
Microsoft Visual Studio Solution File, Format Version 12.00
# Visual Studio Version 16
VisualStudioVersion = 16.0.31624.102
MinimumVisualStudioVersion = 10.0.40219.1
Project("{9A19103F-16F7-4668-BE54-9A1E7A4F7556}") = "AduloRolloGrowe", "AduloRolloGrowe.csproj", "{377AAE8F-0CDE-42E4-8E70-3C5F9AD91BCC}"
EndProject
Global
	GlobalSection(SolutionConfigurationPlatforms) = preSolution
		Debug|Any CPU = Debug|Any CPU
		Release|Any CPU = Release|Any CPU
	EndGlobalSection
	GlobalSection(ProjectConfigurationPlatforms) = postSolution
		{377AAE8F-0CDE-42E4-8E70-3C5F9AD91BCC}.Debug|Any CPU.ActiveCfg = Debug|Any CPU
		{377AAE8F-0CDE-42E4-8E70-3C5F9AD91BCC}.Debug|Any CPU.Build.0 = Debug|Any CPU
		{377AAE8F-0CDE-42E4-8E70-3C5F9AD91BCC}.Release|Any CPU.ActiveCfg = Release|Any CPU
		{377AAE8F-0CDE-42E4-8E70-3C5F9AD91BCC}.Release|Any CPU.Build.0 = Release|Any CPU
	EndGlobalSection
	GlobalSection(SolutionProperties) = preSolution
		HideSolutionNode = FALSE
	EndGlobalSection
	GlobalSection(ExtensibilityGlobals) = postSolution
		SolutionGuid = {9FFB9DE2-D857-4224-A09A-96464A504D4A}
	EndGlobalSection
EndGlobal
